
Microsoft Visual Studio Solution File, Format Version 12.00
# Visual Studio Version 17
VisualStudioVersion = 17.8.34316.72
MinimumVisualStudioVersion = 10.0.40219.1
Project("{FAE04EC0-301F-11D3-BF4B-00C04F79EFBC}") = "DuoLatera", "DuoLatera\DuoLatera.csproj", "{19E13132-4964-4396-B58D-6082D0B4386A}"
EndProject
Global
	GlobalSection(SolutionConfigurationPlatforms) = preSolution
		Debug|Any CPU = Debug|Any CPU
		Release|Any CPU = Release|Any CPU
	EndGlobalSection
	GlobalSection(ProjectConfigurationPlatforms) = postSolution
		{19E13132-4964-4396-B58D-6082D0B4386A}.Debug|Any CPU.ActiveCfg = Debug|Any CPU
		{19E13132-4964-4396-B58D-6082D0B4386A}.Debug|Any CPU.Build.0 = Debug|Any CPU
		{19E13132-4964-4396-B58D-6082D0B4386A}.Release|Any CPU.ActiveCfg = Release|Any CPU
		{19E13132-4964-4396-B58D-6082D0B4386A}.Release|Any CPU.Build.0 = Release|Any CPU
	EndGlobalSection
	GlobalSection(SolutionProperties) = preSolution
		HideSolutionNode = FALSE
	EndGlobalSection
	GlobalSection(ExtensibilityGlobals) = postSolution
		SolutionGuid = {9C381897-C7A5-4A64-9EAE-51F1DA1161CD}
	EndGlobalSection
EndGlobal
